uuid: 5f8fef12-5d9d-4d02-aca6-6a2b49af12ac
langcode: en
status: true
dependencies:
  module:
    - dgi_header
  theme:
    - dgi_i8_base
id: dgiheaderblock
theme: dgi_i8_base
region: navigation
weight: -6
provider: null
plugin: dgi_header
settings:
  id: dgi_header
  label: 'DGI Header Block'
  provider: dgi_header
  label_display: '0'
  menu: dgi-header
  search:
    view: solr_search_content
    display_id: page_1
    parameter: search_api_fulltext
visibility: {  }
