uuid: ee0230cd-f314-4bd0-96ec-335b1be5e6e0
langcode: en
status: true
dependencies:
  module:
    - request_data_conditions
    - views_exposed_filter_blocks
  theme:
    - dgi_i8_base
id: viewsexposedfilterblock
theme: dgi_i8_base
region: sidr
weight: 0
provider: null
plugin: views_exposed_filter_blocks_block
settings:
  id: views_exposed_filter_blocks_block
  label: 'Views exposed filter block'
  provider: views_exposed_filter_blocks
  label_display: '0'
  view_display: 'solr_search_content:block_3'
visibility:
  http_headers:
    id: http_headers
    conditions: {  }
    require_all_params: 1
    negate: false
    context_mapping: {  }
  session_values:
    id: session_values
    conditions: {  }
    require_all_params: 1
    negate: false
    context_mapping: {  }
  cookie_values:
    id: cookie_values
    conditions: {  }
    require_all_params: 1
    negate: false
    context_mapping: {  }
  url_query_parameters:
    id: url_query_parameters
    conditions: {  }
    require_all_params: 1
    negate: false
    context_mapping: {  }
