uuid: fc4d4691-f3a4-4d0d-ab73-84a64621e1aa
langcode: en
status: true
dependencies:
  module:
    - react_block
    - request_data_conditions
  theme:
    - dgi_i8_base
id: dgifootermenublock
theme: dgi_i8_base
region: footer
weight: 0
provider: null
plugin: 'react_block:dgi_footer_menu_block'
settings:
  id: 'react_block:dgi_footer_menu_block'
  label: 'DGI Footer Menu Block'
  provider: react_block
  label_display: '0'
  pdb_configuration: null
visibility:
  http_headers:
    id: http_headers
    conditions: {  }
    require_all_params: 1
    negate: false
    context_mapping: {  }
  session_values:
    id: session_values
    conditions: {  }
    require_all_params: 1
    negate: false
    context_mapping: {  }
  cookie_values:
    id: cookie_values
    conditions: {  }
    require_all_params: 1
    negate: false
    context_mapping: {  }
  url_query_parameters:
    id: url_query_parameters
    conditions: {  }
    require_all_params: 1
    negate: false
    context_mapping: {  }
