uuid: 4e611ea8-8359-4e02-bd4d-9aeeb172a3e0
langcode: en
status: true
dependencies:
  module:
    - islandora
_core:
  default_config_hash: 3wN51ZrZ_CwiyII1vVdxC_77GRiISZ3ui3b3eBwVyF4
name: openseadragon_block
label: 'Paged Content - Openseadragon'
group: Display
description: 'Display a block for Paged Content'
requireAllConditions: false
disabled: false
conditions:
  node_has_term:
    id: node_has_term
    negate: 0
    uuid: e5689bd5-7eec-4378-b329-2f35d5bb35b0
    uri: 'https://schema.org/Book'
    context_mapping:
      node: '@node.node_route_context:node'
    logic: and
reactions:
  view_mode_alter:
    id: view_mode_alter
    mode: node.openseadragon_paged_content
    saved: false
weight: -1
